
Microsoft Visual Studio Solution File, Format Version 12.00
# Visual Studio 15
VisualStudioVersion = 15.0.26430.16
MinimumVisualStudioVersion = 10.0.40219.1
Project("{FAE04EC0-301F-11D3-BF4B-00C04F79EFBC}") = "ComicBookLibraryManager", "ComicBookLibraryManager\ComicBookLibraryManager.csproj", "{D30BE089-4B9E-4532-ABE8-5F33EF03C585}"
EndProject
Project("{FAE04EC0-301F-11D3-BF4B-00C04F79EFBC}") = "ComicBookShared", "..\..\..\..\..\..\..\..\visual studio 2017\Projects\ComicBookShared\ComicBookShared.csproj", "{36B4BC8F-1BE1-41E1-AC0A-F82265F6CB74}"
EndProject
Project("{FAE04EC0-301F-11D3-BF4B-00C04F79EFBC}") = "ComicBookLibraryManagerWebApp", "..\..\..\..\..\..\..\..\visual studio 2017\Projects\ComicBookLibraryManagerWebApp\ComicBookLibraryManagerWebApp.csproj", "{ECBB49A9-EF71-451F-957D-D00BB9A39571}"
EndProject
Project("{FAE04EC0-301F-11D3-BF4B-00C04F79EFBC}") = "ComicBookGalleryModel", "..\ComicBookGalleryModel\ComicBookGalleryModel.csproj", "{9480F147-3CF7-4DA1-AB89-719768DBCA2C}"
EndProject
Project("{FAE04EC0-301F-11D3-BF4B-00C04F79EFBC}") = "ComicBookGallery", "..\..\..\..\Web Development\MVC\Comic Book Gallery\src\ComicBookGallery\ComicBookGallery.csproj", "{2284BD6C-FDC1-4C6E-B6FC-3510274CA57B}"
EndProject
Global
	GlobalSection(SolutionConfigurationPlatforms) = preSolution
		Debug|Any CPU = Debug|Any CPU
		Release|Any CPU = Release|Any CPU
	EndGlobalSection
	GlobalSection(ProjectConfigurationPlatforms) = postSolution
		{D30BE089-4B9E-4532-ABE8-5F33EF03C585}.Debug|Any CPU.ActiveCfg = Debug|Any CPU
		{D30BE089-4B9E-4532-ABE8-5F33EF03C585}.Debug|Any CPU.Build.0 = Debug|Any CPU
		{D30BE089-4B9E-4532-ABE8-5F33EF03C585}.Release|Any CPU.ActiveCfg = Release|Any CPU
		{D30BE089-4B9E-4532-ABE8-5F33EF03C585}.Release|Any CPU.Build.0 = Release|Any CPU
		{36B4BC8F-1BE1-41E1-AC0A-F82265F6CB74}.Debug|Any CPU.ActiveCfg = Debug|Any CPU
		{36B4BC8F-1BE1-41E1-AC0A-F82265F6CB74}.Debug|Any CPU.Build.0 = Debug|Any CPU
		{36B4BC8F-1BE1-41E1-AC0A-F82265F6CB74}.Release|Any CPU.ActiveCfg = Release|Any CPU
		{36B4BC8F-1BE1-41E1-AC0A-F82265F6CB74}.Release|Any CPU.Build.0 = Release|Any CPU
		{ECBB49A9-EF71-451F-957D-D00BB9A39571}.Debug|Any CPU.ActiveCfg = Debug|Any CPU
		{ECBB49A9-EF71-451F-957D-D00BB9A39571}.Debug|Any CPU.Build.0 = Debug|Any CPU
		{ECBB49A9-EF71-451F-957D-D00BB9A39571}.Release|Any CPU.ActiveCfg = Release|Any CPU
		{ECBB49A9-EF71-451F-957D-D00BB9A39571}.Release|Any CPU.Build.0 = Release|Any CPU
		{9480F147-3CF7-4DA1-AB89-719768DBCA2C}.Debug|Any CPU.ActiveCfg = Debug|Any CPU
		{9480F147-3CF7-4DA1-AB89-719768DBCA2C}.Debug|Any CPU.Build.0 = Debug|Any CPU
		{9480F147-3CF7-4DA1-AB89-719768DBCA2C}.Release|Any CPU.ActiveCfg = Release|Any CPU
		{9480F147-3CF7-4DA1-AB89-719768DBCA2C}.Release|Any CPU.Build.0 = Release|Any CPU
		{2284BD6C-FDC1-4C6E-B6FC-3510274CA57B}.Debug|Any CPU.ActiveCfg = Debug|Any CPU
		{2284BD6C-FDC1-4C6E-B6FC-3510274CA57B}.Debug|Any CPU.Build.0 = Debug|Any CPU
		{2284BD6C-FDC1-4C6E-B6FC-3510274CA57B}.Release|Any CPU.ActiveCfg = Release|Any CPU
		{2284BD6C-FDC1-4C6E-B6FC-3510274CA57B}.Release|Any CPU.Build.0 = Release|Any CPU
	EndGlobalSection
	GlobalSection(SolutionProperties) = preSolution
		HideSolutionNode = FALSE
	EndGlobalSection
EndGlobal
